hash: 6731ff6c998b6e34dea9c991d15e557d44d18bfc6376d87e936c954d46b02e99
updated: 2017-05-24T00:44:40.598517235+01:00
imports:
- name: github.com/jackc/pgx
  version: c16671e77e8a1e52a942a1b9c874121a946aa7a6
- name: github.com/kelseyhightower/envconfig
  version: b6fde1625d631a48340817849a547164f395d9eb
- name: github.com/paulbellamy/ratecounter
  version: 66b206d2a2d00245e34b1494fcaeef5e99041ea7
- name: github.com/shezadkhan137/pg2rabbit
  version: cd7ac2d1317dcd5e06348f63e0499d1b44604f0b
  subpackages:
  - pg2rabbit
- name: github.com/streadway/amqp
  version: afe8eee29a74d213b1f3fb2586058157c397da60
testImports:
- name: github.com/gopherjs/gopherjs
  version: 265040a1352e0bb611e87f5b985bf83600c66cce
  subpackages:
  - js
- name: github.com/jtolds/gls
  version: bb0351aa7eb6f322f32667d51375f26a2bca6628
- name: github.com/smartystreets/assertions
  version: c9ee7d9e9a2aeec0bee7c4a516f3e0ad7cb7e558
  subpackages:
  - internal/go-render/render
  - internal/oglematchers
- name: github.com/smartystreets/goconvey
  version: 3bd662eac601ad6436e64776af2e112069eb2edc
  subpackages:
  - convey
  - convey/gotest
  - convey/reporting
